{
  "name": "lorem-ipsum-kr",
  "version": "1.0.0",
  "lockfileVersion": 3,
  "requires": true,
  "packages": {
    "": {
      "name": "lorem-ipsum-kr",
      "version": "1.0.0",
      "license": "MIT",
      "dependencies": {
        "lorem-ipsum-kor": "file:",
        "lorem-ipsum-kornpm": "file:",
        "lorem-ipsum-kr": "file:"
      },
      "bin": {
        "lorem-ipsum-kr": "bin/lorem-ipsum-kr.js"
      }
    },
    "node_modules/lorem-ipsum-kor": {
      "resolved": "",
      "link": true
    },
    "node_modules/lorem-ipsum-kornpm": {
      "resolved": "",
      "link": true
    },
    "node_modules/lorem-ipsum-kr": {
      "resolved": "",
      "link": true
    }
  }
}
